// !$*UTF8*$!
{
	archiveVersion = 1;
	classes = {
	};
	objectVersion = 77;
	objects = {

/* Begin PBXContainerItemProxy section */
		2DF2301F2FD14A6B00231E0F /* PBXContainerItemProxy */ = {
			isa = PBXContainerItemProxy;
			containerPortal = 2DF230092FD14A6A00231E0F /* Project object */;
			proxyType = 1;
			remoteGlobalIDString = 2DF230102FD14A6A00231E0F;
			remoteInfo = "Gravitas RotoMotion";
		};
		2DF230292FD14A6B00231E0F /* PBXContainerItemProxy */ = {
			isa = PBXContainerItemProxy;
			containerPortal = 2DF230092FD14A6A00231E0F /* Project object */;
			proxyType = 1;
			remoteGlobalIDString = 2DF230102FD14A6A00231E0F;
			remoteInfo = "Gravitas RotoMotion";
		};
/* End PBXContainerItemProxy section */

/* Begin PBXFileReference section */
		2DF230112FD14A6A00231E0F /* Gravitas RotoMotion.app */ = {isa = PBXFileReference; explicitFileType = wrapper.application; includeInIndex = 0; path = "Gravitas RotoMotion.app"; sourceTree = BUILT_PRODUCTS_DIR; };
		2DF2301E2FD14A6B00231E0F /* Gravitas RotoMotionTests.xctest */ = {isa = PBXFileReference; explicitFileType = wrapper.cfbundle; includeInIndex = 0; path = "Gravitas RotoMotionTests.xctest"; sourceTree = BUILT_PRODUCTS_DIR; };
		2DF230282FD14A6B00231E0F /* Gravitas RotoMotionUITests.xctest */ = {isa = PBXFileReference; explicitFileType = wrapper.cfbundle; includeInIndex = 0; path = "Gravitas RotoMotionUITests.xctest"; sourceTree = BUILT_PRODUCTS_DIR; };
/* End PBXFileReference section */

/* Begin PBXFileSystemSynchronizedRootGroup section */
		2DF230132FD14A6A00231E0F /* Gravitas RotoMotion */ = {
			isa = PBXFileSystemSynchronizedRootGroup;
			path = "Gravitas RotoMotion";
			sourceTree = "<group>";
		};
		2DF230212FD14A6B00231E0F /* Gravitas RotoMotionTests */ = {
			isa = PBXFileSystemSynchronizedRootGroup;
			path = "Gravitas RotoMotionTests";
			sourceTree = "<group>";
		};
		2DF2302B2FD14A6B00231E0F /* Gravitas RotoMotionUITests */ = {
			isa = PBXFileSystemSynchronizedRootGroup;
			path = "Gravitas RotoMotionUITests";
			sourceTree = "<group>";
		};
/* End PBXFileSystemSynchronizedRootGroup section */

/* Begin PBXFrameworksBuildPhase section */
		2DF2300E2FD14A6A00231E0F /* Frameworks */ = {
			isa = PBXFrameworksBuildPhase;
			buildActionMask = 2147483647;
			files = (
			);
			runOnlyForDeploymentPostprocessing = 0;
		};
		2DF2301B2FD14A6B00231E0F /* Frameworks */ = {
			isa = PBXFrameworksBuildPhase;
			buildActionMask = 2147483647;
			files = (
			);
			runOnlyForDeploymentPostprocessing = 0;
		};
		2DF230252FD14A6B00231E0F /* Frameworks */ = {
			isa = PBXFrameworksBuildPhase;
			buildActionMask = 2147483647;
			files = (
			);
			runOnlyForDeploymentPostprocessing = 0;
		};
/* End PBXFrameworksBuildPhase section */

/* Begin PBXGroup section */
		2DF230082FD14A6A00231E0F = {
			isa = PBXGroup;
			children = (
				2DF230132FD14A6A00231E0F /* Gravitas RotoMotion */,
				2DF230212FD14A6B00231E0F /* Gravitas RotoMotionTests */,
				2DF2302B2FD14A6B00231E0F /* Gravitas RotoMotionUITests */,
				2DF230122FD14A6A00231E0F /* Products */,
			);
			sourceTree = "<group>";
		};
		2DF230122FD14A6A00231E0F /* Products */ = {
			isa = PBXGroup;
			children = (
				2DF230112FD14A6A00231E0F /* Gravitas RotoMotion.app */,
				2DF2301E2FD14A6B00231E0F /* Gravitas RotoMotionTests.xctest */,
				2DF230282FD14A6B00231E0F /* Gravitas RotoMotionUITests.xctest */,
			);
			name = Products;
			sourceTree = "<group>";
		};
/* End PBXGroup section */

/* Begin PBXNativeTarget section */
		2DF230102FD14A6A00231E0F /* Gravitas RotoMotion */ = {
			isa = PBXNativeTarget;
			buildConfigurationList = 2DF230322FD14A6B00231E0F /* Build configuration list for PBXNativeTarget "Gravitas RotoMotion" */;
			buildPhases = (
				2DF2300D2FD14A6A00231E0F /* Sources */,
				2DF2300E2FD14A6A00231E0F /* Frameworks */,
				2DF2300F2FD14A6A00231E0F /* Resources */,
			);
			buildRules = (
			);
			dependencies = (
			);
			fileSystemSynchronizedGroups = (
				2DF230132FD14A6A00231E0F /* Gravitas RotoMotion */,
			);
			name = "Gravitas RotoMotion";
			packageProductDependencies = (
			);
			productName = "Gravitas RotoMotion";
			productReference = 2DF230112FD14A6A00231E0F /* Gravitas RotoMotion.app */;
			productType = "com.apple.product-type.application";
		};
		2DF2301D2FD14A6B00231E0F /* Gravitas RotoMotionTests */ = {
			isa = PBXNativeTarget;
			buildConfigurationList = 2DF230352FD14A6B00231E0F /* Build configuration list for PBXNativeTarget "Gravitas RotoMotionTests" */;
			buildPhases = (
				2DF2301A2FD14A6B00231E0F /* Sources */,
				2DF2301B2FD14A6B00231E0F /* Frameworks */,
				2DF2301C2FD14A6B00231E0F /* Resources */,
			);
			buildRules = (
			);
			dependencies = (
				2DF230202FD14A6B00231E0F /* PBXTargetDependency */,
			);
			fileSystemSynchronizedGroups = (
				2DF230212FD14A6B00231E0F /* Gravitas RotoMotionTests */,
			);
			name = "Gravitas RotoMotionTests";
			packageProductDependencies = (
			);
			productName = "Gravitas RotoMotionTests";
			productReference = 2DF2301E2FD14A6B00231E0F /* Gravitas RotoMotionTests.xctest */;
			productType = "com.apple.product-type.bundle.unit-test";
		};
		2DF230272FD14A6B00231E0F /* Gravitas RotoMotionUITests */ = {
			isa = PBXNativeTarget;
			buildConfigurationList = 2DF230382FD14A6B00231E0F /* Build configuration list for PBXNativeTarget "Gravitas RotoMotionUITests" */;
			buildPhases = (
				2DF230242FD14A6B00231E0F /* Sources */,
				2DF230252FD14A6B00231E0F /* Frameworks */,
				2DF230262FD14A6B00231E0F /* Resources */,
			);
			buildRules = (
			);
			dependencies = (
				2DF2302A2FD14A6B00231E0F /* PBXTargetDependency */,
			);
			fileSystemSynchronizedGroups = (
				2DF2302B2FD14A6B00231E0F /* Gravitas RotoMotionUITests */,
			);
			name = "Gravitas RotoMotionUITests";
			packageProductDependencies = (
			);
			productName = "Gravitas RotoMotionUITests";
			productReference = 2DF230282FD14A6B00231E0F /* Gravitas RotoMotionUITests.xctest */;
			productType = "com.apple.product-type.bundle.ui-testing";
		};
/* End PBXNativeTarget section */

/* Begin PBXProject section */
		2DF230092FD14A6A00231E0F /* Project object */ = {
			isa = PBXProject;
			attributes = {
				BuildIndependentTargetsInParallel = 1;
				LastSwiftUpdateCheck = 2610;
				LastUpgradeCheck = 2610;
				TargetAttributes = {
					2DF230102FD14A6A00231E0F = {
						CreatedOnToolsVersion = 26.1.1;
					};
					2DF2301D2FD14A6B00231E0F = {
						CreatedOnToolsVersion = 26.1.1;
						TestTargetID = 2DF230102FD14A6A00231E0F;
					};
					2DF230272FD14A6B00231E0F = {
						CreatedOnToolsVersion = 26.1.1;
						TestTargetID = 2DF230102FD14A6A00231E0F;
					};
				};
			};
			buildConfigurationList = 2DF2300C2FD14A6A00231E0F /* Build configuration list for PBXProject "Gravitas RotoMotion" */;
			developmentRegion = en;
			hasScannedForEncodings = 0;
			knownRegions = (
				en,
				Base,
			);
			mainGroup = 2DF230082FD14A6A00231E0F;
			minimizedProjectReferenceProxies = 1;
			preferredProjectObjectVersion = 77;
			productRefGroup = 2DF230122FD14A6A00231E0F /* Products */;
			projectDirPath = "";
			projectRoot = "";
			targets = (
				2DF230102FD14A6A00231E0F /* Gravitas RotoMotion */,
				2DF2301D2FD14A6B00231E0F /* Gravitas RotoMotionTests */,
				2DF230272FD14A6B00231E0F /* Gravitas RotoMotionUITests */,
			);
		};
/* End PBXProject section */

/* Begin PBXResourcesBuildPhase section */
		2DF2300F2FD14A6A00231E0F /* Resources */ = {
			isa = PBXResourcesBuildPhase;
			buildActionMask = 2147483647;
			files = (
			);
			runOnlyForDeploymentPostprocessing = 0;
		};
		2DF2301C2FD14A6B00231E0F /* Resources */ = {
			isa = PBXResourcesBuildPhase;
			buildActionMask = 2147483647;
			files = (
			);
			runOnlyForDeploymentPostprocessing = 0;
		};
		2DF230262FD14A6B00231E0F /* Resources */ = {
			isa = PBXResourcesBuildPhase;
			buildActionMask = 2147483647;
			files = (
			);
			runOnlyForDeploymentPostprocessing = 0;
		};
/* End PBXResourcesBuildPhase section */

/* Begin PBXSourcesBuildPhase section */
		2DF2300D2FD14A6A00231E0F /* Sources */ = {
			isa = PBXSourcesBuildPhase;
			buildActionMask = 2147483647;
			files = (
			);
			runOnlyForDeploymentPostprocessing = 0;
		};
		2DF2301A2FD14A6B00231E0F /* Sources */ = {
			isa = PBXSourcesBuildPhase;
			buildActionMask = 2147483647;
			files = (
			);
			runOnlyForDeploymentPostprocessing = 0;
		};
		2DF230242FD14A6B00231E0F /* Sources */ = {
			isa = PBXSourcesBuildPhase;
			buildActionMask = 2147483647;
			files = (
			);
			runOnlyForDeploymentPostprocessing = 0;
		};
/* End PBXSourcesBuildPhase section */

/* Begin PBXTargetDependency section */
		2DF230202FD14A6B00231E0F /* PBXTargetDependency */ = {
			isa = PBXTargetDependency;
			target = 2DF230102FD14A6A00231E0F /* Gravitas RotoMotion */;
			targetProxy = 2DF2301F2FD14A6B00231E0F /* PBXContainerItemProxy */;
		};
		2DF2302A2FD14A6B00231E0F /* PBXTargetDependency */ = {
			isa = PBXTargetDependency;
			target = 2DF230102FD14A6A00231E0F /* Gravitas RotoMotion */;
			targetProxy = 2DF230292FD14A6B00231E0F /* PBXContainerItemProxy */;
		};
/* End PBXTargetDependency section */

/* Begin XCBuildConfiguration section */
		2DF230302FD14A6B00231E0F /* Debug */ = {
			isa = XCBuildConfiguration;
			buildSettings = {
				ALWAYS_SEARCH_USER_PATHS = NO;
				ASSETCATALOG_COMPILER_GENERATE_SWIFT_ASSET_SYMBOL_EXTENSIONS = YES;
				CLANG_ANALYZER_NONNULL = YES;
				CLANG_ANALYZER_NUMBER_OBJECT_CONVERSION = YES_AGGRESSIVE;
				CLANG_CXX_LANGUAGE_STANDARD = "gnu++20";
				CLANG_ENABLE_MODULES = YES;
				CLANG_ENABLE_OBJC_ARC = YES;
				CLANG_ENABLE_OBJC_WEAK = YES;
				CLANG_WARN_BLOCK_CAPTURE_AUTORELEASING = YES;
				CLANG_WARN_BOOL_CONVERSION = YES;
				CLANG_WARN_COMMA = YES;
				CLANG_WARN_CONSTANT_CONVERSION = YES;
				CLANG_WARN_DEPRECATED_OBJC_IMPLEMENTATIONS = YES;
				CLANG_WARN_DIRECT_OBJC_ISA_USAGE = YES_ERROR;
				CLANG_WARN_DOCUMENTATION_COMMENTS = YES;
				CLANG_WARN_EMPTY_BODY = YES;
				CLANG_WARN_ENUM_CONVERSION = YES;
				CLANG_WARN_INFINITE_RECURSION = YES;
				CLANG_WARN_INT_CONVERSION = YES;
				CLANG_WARN_NON_LITERAL_NULL_CONVERSION = YES;
				CLANG_WARN_OBJC_IMPLICIT_RETAIN_SELF = YES;
				CLANG_WARN_OBJC_LITERAL_CONVERSION = YES;
				CLANG_WARN_OBJC_ROOT_CLASS = YES_ERROR;
				CLANG_WARN_QUOTED_INCLUDE_IN_FRAMEWORK_HEADER = YES;
				CLANG_WARN_RANGE_LOOP_ANALYSIS = YES;
				CLANG_WARN_STRICT_PROTOTYPES = YES;
				CLANG_WARN_SUSPICIOUS_MOVE = YES;
				CLANG_WARN_UNGUARDED_AVAILABILITY = YES_AGGRESSIVE;
				CLANG_WARN_UNREACHABLE_CODE = YES;
				CLANG_WARN__DUPLICATE_METHOD_MATCH = YES;
				COPY_PHASE_STRIP = NO;
				DEBUG_INFORMATION_FORMAT = dwarf;
				DEVELOPMENT_TEAM = X7LJQ9VB44;
				ENABLE_STRICT_OBJC_MSGSEND = YES;
				ENABLE_TESTABILITY = YES;
				ENABLE_USER_SCRIPT_SANDBOXING = YES;
				GCC_C_LANGUAGE_STANDARD = gnu17;
				GCC_DYNAMIC_NO_PIC = NO;
				GCC_NO_COMMON_BLOCKS = YES;
				GCC_OPTIMIZATION_LEVEL = 0;
				GCC_PREPROCESSOR_DEFINITIONS = (
					"DEBUG=1",
					"$(inherited)",
				);
				GCC_WARN_64_TO_32_BIT_CONVERSION = YES;
				GCC_WARN_ABOUT_RETURN_TYPE = YES_ERROR;
				GCC_WARN_UNDECLARED_SELECTOR = YES;
				GCC_WARN_UNINITIALIZED_AUTOS = YES_AGGRESSIVE;
				GCC_WARN_UNUSED_FUNCTION = YES;
				GCC_WARN_UNUSED_VARIABLE = YES;
				LOCALIZATION_PREFERS_STRING_CATALOGS = YES;
				MACOSX_DEPLOYMENT_TARGET = 14.0;
				MTL_ENABLE_DEBUG_INFO = INCLUDE_SOURCE;
				MTL_FAST_MATH = YES;
				ONLY_ACTIVE_ARCH = YES;
				SDKROOT = macosx;
				SUPPORTED_PLATFORMS = macosx;
				SWIFT_ACTIVE_COMPILATION_CONDITIONS = "DEBUG $(inherited)";
				SWIFT_OPTIMIZATION_LEVEL = "-Onone";
			};
			name = Debug;
		};
		2DF230312FD14A6B00231E0F /* Release */ = {
			isa = XCBuildConfiguration;
			buildSettings = {
				ALWAYS_SEARCH_USER_PATHS = NO;
				ASSETCATALOG_COMPILER_GENERATE_SWIFT_ASSET_SYMBOL_EXTENSIONS = YES;
				CLANG_ANALYZER_NONNULL = YES;
				CLANG_ANALYZER_NUMBER_OBJECT_CONVERSION = YES_AGGRESSIVE;
				CLANG_CXX_LANGUAGE_STANDARD = "gnu++20";
				CLANG_ENABLE_MODULES = YES;
				CLANG_ENABLE_OBJC_ARC = YES;
				CLANG_ENABLE_OBJC_WEAK = YES;
				CLANG_WARN_BLOCK_CAPTURE_AUTORELEASING = YES;
				CLANG_WARN_BOOL_CONVERSION = YES;
				CLANG_WARN_COMMA = YES;
				CLANG_WARN_CONSTANT_CONVERSION = YES;
				CLANG_WARN_DEPRECATED_OBJC_IMPLEMENTATIONS = YES;
				CLANG_WARN_DIRECT_OBJC_ISA_USAGE = YES_ERROR;
				CLANG_WARN_DOCUMENTATION_COMMENTS = YES;
				CLANG_WARN_EMPTY_BODY = YES;
				CLANG_WARN_ENUM_CONVERSION = YES;
				CLANG_WARN_INFINITE_RECURSION = YES;
				CLANG_WARN_INT_CONVERSION = YES;
				CLANG_WARN_NON_LITERAL_NULL_CONVERSION = YES;
				CLANG_WARN_OBJC_IMPLICIT_RETAIN_SELF = YES;
				CLANG_WARN_OBJC_LITERAL_CONVERSION = YES;
				CLANG_WARN_OBJC_ROOT_CLASS = YES_ERROR;
				CLANG_WARN_QUOTED_INCLUDE_IN_FRAMEWORK_HEADER = YES;
				CLANG_WARN_RANGE_LOOP_ANALYSIS = YES;
				CLANG_WARN_STRICT_PROTOTYPES = YES;
				CLANG_WARN_SUSPICIOUS_MOVE = YES;
				CLANG_WARN_UNGUARDED_AVAILABILITY = YES_AGGRESSIVE;
				CLANG_WARN_UNREACHABLE_CODE = YES;
				CLANG_WARN__DUPLICATE_METHOD_MATCH = YES;
				COPY_PHASE_STRIP = NO;
				DEBUG_INFORMATION_FORMAT = "dwarf-with-dsym";
				DEVELOPMENT_TEAM = X7LJQ9VB44;
				ENABLE_NS_ASSERTIONS = NO;
				ENABLE_STRICT_OBJC_MSGSEND = YES;
				ENABLE_USER_SCRIPT_SANDBOXING = YES;
				GCC_C_LANGUAGE_STANDARD = gnu17;
				GCC_NO_COMMON_BLOCKS = YES;
				GCC_WARN_64_TO_32_BIT_CONVERSION = YES;
				GCC_WARN_ABOUT_RETURN_TYPE = YES_ERROR;
				GCC_WARN_UNDECLARED_SELECTOR = YES;
				GCC_WARN_UNINITIALIZED_AUTOS = YES_AGGRESSIVE;
				GCC_WARN_UNUSED_FUNCTION = YES;
				GCC_WARN_UNUSED_VARIABLE = YES;
				LOCALIZATION_PREFERS_STRING_CATALOGS = YES;
				MACOSX_DEPLOYMENT_TARGET = 14.0;
				MTL_ENABLE_DEBUG_INFO = NO;
				MTL_FAST_MATH = YES;
				SDKROOT = macosx;
				SUPPORTED_PLATFORMS = macosx;
				SWIFT_COMPILATION_MODE = wholemodule;
				VALIDATE_PRODUCT = YES;
			};
			name = Release;
		};
		2DF230332FD14A6B00231E0F /* Debug */ = {
			isa = XCBuildConfiguration;
			buildSettings = {
				ASSETCATALOG_COMPILER_APPICON_NAME = AppIcon;
				ASSETCATALOG_COMPILER_GLOBAL_ACCENT_COLOR_NAME = AccentColor;
				CODE_SIGN_STYLE = Automatic;
				CURRENT_PROJECT_VERSION = 1;
				DEVELOPMENT_TEAM = X7LJQ9VB44;
				ENABLE_PREVIEWS = YES;
				GENERATE_INFOPLIST_FILE = YES;
				INFOPLIST_KEY_LSApplicationCategoryType = "public.app-category.video";
				LD_RUNPATH_SEARCH_PATHS = (
					"$(inherited)",
					"@executable_path/Frameworks",
				);
				MACOSX_DEPLOYMENT_TARGET = 14.0;
				MARKETING_VERSION = 1.0;
				PRODUCT_BUNDLE_IDENTIFIER = "GravitasDiscover.Gravitas-RotoMotion";
				PRODUCT_NAME = "$(TARGET_NAME)";
				STRING_CATALOG_GENERATE_SYMBOLS = YES;
				SUPPORTED_PLATFORMS = macosx;
				SWIFT_APPROACHABLE_CONCURRENCY = YES;
				SWIFT_EMIT_LOC_STRINGS = YES;
				SWIFT_UPCOMING_FEATURE_MEMBER_IMPORT_VISIBILITY = YES;
				SWIFT_VERSION = 5.0;
			};
			name = Debug;
		};
		2DF230342FD14A6B00231E0F /* Release */ = {
			isa = XCBuildConfiguration;
			buildSettings = {
				ASSETCATALOG_COMPILER_APPICON_NAME = AppIcon;
				ASSETCATALOG_COMPILER_GLOBAL_ACCENT_COLOR_NAME = AccentColor;
				CODE_SIGN_STYLE = Automatic;
				CURRENT_PROJECT_VERSION = 1;
				DEVELOPMENT_TEAM = X7LJQ9VB44;
				ENABLE_PREVIEWS = YES;
				GENERATE_INFOPLIST_FILE = YES;
				INFOPLIST_KEY_LSApplicationCategoryType = "public.app-category.video";
				LD_RUNPATH_SEARCH_PATHS = (
					"$(inherited)",
					"@executable_path/Frameworks",
				);
				MACOSX_DEPLOYMENT_TARGET = 14.0;
				MARKETING_VERSION = 1.0;
				PRODUCT_BUNDLE_IDENTIFIER = "GravitasDiscover.Gravitas-RotoMotion";
				PRODUCT_NAME = "$(TARGET_NAME)";
				STRING_CATALOG_GENERATE_SYMBOLS = YES;
				SUPPORTED_PLATFORMS = macosx;
				SWIFT_APPROACHABLE_CONCURRENCY = YES;
				SWIFT_EMIT_LOC_STRINGS = YES;
				SWIFT_UPCOMING_FEATURE_MEMBER_IMPORT_VISIBILITY = YES;
				SWIFT_VERSION = 5.0;
			};
			name = Release;
		};
		2DF230362FD14A6B00231E0F /* Debug */ = {
			isa = XCBuildConfiguration;
			buildSettings = {
				BUNDLE_LOADER = "$(TEST_HOST)";
				CODE_SIGN_STYLE = Automatic;
				CURRENT_PROJECT_VERSION = 1;
				DEVELOPMENT_TEAM = X7LJQ9VB44;
				GENERATE_INFOPLIST_FILE = YES;
				MACOSX_DEPLOYMENT_TARGET = 14.0;
				MARKETING_VERSION = 1.0;
				PRODUCT_BUNDLE_IDENTIFIER = "GravitasDiscover.Gravitas-RotoMotionTests";
				PRODUCT_NAME = "$(TARGET_NAME)";
				STRING_CATALOG_GENERATE_SYMBOLS = NO;
				SUPPORTED_PLATFORMS = macosx;
				SWIFT_APPROACHABLE_CONCURRENCY = YES;
				SWIFT_EMIT_LOC_STRINGS = NO;
				SWIFT_UPCOMING_FEATURE_MEMBER_IMPORT_VISIBILITY = YES;
				SWIFT_VERSION = 5.0;
				TEST_HOST = "$(BUILT_PRODUCTS_DIR)/Gravitas RotoMotion.app/$(BUNDLE_EXECUTABLE_FOLDER_PATH)/Gravitas RotoMotion";
			};
			name = Debug;
		};
		2DF230372FD14A6B00231E0F /* Release */ = {
			isa = XCBuildConfiguration;
			buildSettings = {
				BUNDLE_LOADER = "$(TEST_HOST)";
				CODE_SIGN_STYLE = Automatic;
				CURRENT_PROJECT_VERSION = 1;
				DEVELOPMENT_TEAM = X7LJQ9VB44;
				GENERATE_INFOPLIST_FILE = YES;
				MACOSX_DEPLOYMENT_TARGET = 14.0;
				MARKETING_VERSION = 1.0;
				PRODUCT_BUNDLE_IDENTIFIER = "GravitasDiscover.Gravitas-RotoMotionTests";
				PRODUCT_NAME = "$(TARGET_NAME)";
				STRING_CATALOG_GENERATE_SYMBOLS = NO;
				SUPPORTED_PLATFORMS = macosx;
				SWIFT_APPROACHABLE_CONCURRENCY = YES;
				SWIFT_EMIT_LOC_STRINGS = NO;
				SWIFT_UPCOMING_FEATURE_MEMBER_IMPORT_VISIBILITY = YES;
				SWIFT_VERSION = 5.0;
				TEST_HOST = "$(BUILT_PRODUCTS_DIR)/Gravitas RotoMotion.app/$(BUNDLE_EXECUTABLE_FOLDER_PATH)/Gravitas RotoMotion";
			};
			name = Release;
		};
		2DF230392FD14A6B00231E0F /* Debug */ = {
			isa = XCBuildConfiguration;
			buildSettings = {
				CODE_SIGN_STYLE = Automatic;
				CURRENT_PROJECT_VERSION = 1;
				DEVELOPMENT_TEAM = X7LJQ9VB44;
				GENERATE_INFOPLIST_FILE = YES;
				MARKETING_VERSION = 1.0;
				PRODUCT_BUNDLE_IDENTIFIER = "GravitasDiscover.Gravitas-RotoMotionUITests";
				PRODUCT_NAME = "$(TARGET_NAME)";
				STRING_CATALOG_GENERATE_SYMBOLS = NO;
				SUPPORTED_PLATFORMS = macosx;
				SWIFT_APPROACHABLE_CONCURRENCY = YES;
				SWIFT_EMIT_LOC_STRINGS = NO;
				SWIFT_UPCOMING_FEATURE_MEMBER_IMPORT_VISIBILITY = YES;
				SWIFT_VERSION = 5.0;
				TEST_TARGET_NAME = "Gravitas RotoMotion";
			};
			name = Debug;
		};
		2DF2303A2FD14A6B00231E0F /* Release */ = {
			isa = XCBuildConfiguration;
			buildSettings = {
				CODE_SIGN_STYLE = Automatic;
				CURRENT_PROJECT_VERSION = 1;
				DEVELOPMENT_TEAM = X7LJQ9VB44;
				GENERATE_INFOPLIST_FILE = YES;
				MARKETING_VERSION = 1.0;
				PRODUCT_BUNDLE_IDENTIFIER = "GravitasDiscover.Gravitas-RotoMotionUITests";
				PRODUCT_NAME = "$(TARGET_NAME)";
				STRING_CATALOG_GENERATE_SYMBOLS = NO;
				SUPPORTED_PLATFORMS = macosx;
				SWIFT_APPROACHABLE_CONCURRENCY = YES;
				SWIFT_EMIT_LOC_STRINGS = NO;
				SWIFT_UPCOMING_FEATURE_MEMBER_IMPORT_VISIBILITY = YES;
				SWIFT_VERSION = 5.0;
				TEST_TARGET_NAME = "Gravitas RotoMotion";
			};
			name = Release;
		};
/* End XCBuildConfiguration section */

/* Begin XCConfigurationList section */
		2DF2300C2FD14A6A00231E0F /* Build configuration list for PBXProject "Gravitas RotoMotion" */ = {
			isa = XCConfigurationList;
			buildConfigurations = (
				2DF230302FD14A6B00231E0F /* Debug */,
				2DF230312FD14A6B00231E0F /* Release */,
			);
			defaultConfigurationIsVisible = 0;
			defaultConfigurationName = Release;
		};
		2DF230322FD14A6B00231E0F /* Build configuration list for PBXNativeTarget "Gravitas RotoMotion" */ = {
			isa = XCConfigurationList;
			buildConfigurations = (
				2DF230332FD14A6B00231E0F /* Debug */,
				2DF230342FD14A6B00231E0F /* Release */,
			);
			defaultConfigurationIsVisible = 0;
			defaultConfigurationName = Release;
		};
		2DF230352FD14A6B00231E0F /* Build configuration list for PBXNativeTarget "Gravitas RotoMotionTests" */ = {
			isa = XCConfigurationList;
			buildConfigurations = (
				2DF230362FD14A6B00231E0F /* Debug */,
				2DF230372FD14A6B00231E0F /* Release */,
			);
			defaultConfigurationIsVisible = 0;
			defaultConfigurationName = Release;
		};
		2DF230382FD14A6B00231E0F /* Build configuration list for PBXNativeTarget "Gravitas RotoMotionUITests" */ = {
			isa = XCConfigurationList;
			buildConfigurations = (
				2DF230392FD14A6B00231E0F /* Debug */,
				2DF2303A2FD14A6B00231E0F /* Release */,
			);
			defaultConfigurationIsVisible = 0;
			defaultConfigurationName = Release;
		};
/* End XCConfigurationList section */
	};
	rootObject = 2DF230092FD14A6A00231E0F /* Project object */;
}
